// !$*UTF8*$!
{
	archiveVersion = 1;
	classes = {
	};
	objectVersion = 46;
	objects = {

/* Begin PBXBuildFile section */
		620EDC671A0F37DF00BF3AC5 /* fontawesome-webfont.ttf in Resources */ = {isa = PBXBuildFile; fileRef = 620EDC661A0F37DF00BF3AC5 /* fontawesome-webfont.ttf */; };
		624ABA261A0F0CCE00354E2E /* SellerContactsTableViewController.m in Sources */ = {isa = PBXBuildFile; fileRef = 624ABA251A0F0CCE00354E2E /* SellerContactsTableViewController.m */; };
		62528DE81A0DB8E900EF4CB4 /* main.m in Sources */ = {isa = PBXBuildFile; fileRef = 62528DE71A0DB8E900EF4CB4 /* main.m */; };
		62528DEB1A0DB8E900EF4CB4 /* AppDelegate.m in Sources */ = {isa = PBXBuildFile; fileRef = 62528DEA1A0DB8E900EF4CB4 /* AppDelegate.m */; };
		62528DEE1A0DB8E900EF4CB4 /* HackSC2014.xcdatamodeld in Sources */ = {isa = PBXBuildFile; fileRef = 62528DEC1A0DB8E900EF4CB4 /* HackSC2014.xcdatamodeld */; };
		62528DF41A0DB8E900EF4CB4 /* Main.storyboard in Resources */ = {isa = PBXBuildFile; fileRef = 62528DF21A0DB8E900EF4CB4 /* Main.storyboard */; };
		62528DF61A0DB8E900EF4CB4 /* Images.xcassets in Resources */ = {isa = PBXBuildFile; fileRef = 62528DF51A0DB8E900EF4CB4 /* Images.xcassets */; };
		62528DF91A0DB8E900EF4CB4 /* LaunchScreen.xib in Resources */ = {isa = PBXBuildFile; fileRef = 62528DF71A0DB8E900EF4CB4 /* LaunchScreen.xib */; };
		62528E051A0DB8EA00EF4CB4 /* HackSC2014Tests.m in Sources */ = {isa = PBXBuildFile; fileRef = 62528E041A0DB8EA00EF4CB4 /* HackSC2014Tests.m */; };
		62528E101A0DEFD700EF4CB4 /* LoginViewController.m in Sources */ = {isa = PBXBuildFile; fileRef = 62528E0F1A0DEFD700EF4CB4 /* LoginViewController.m */; };
		62528E141A0DF16800EF4CB4 /* FacebookSDK.framework in Frameworks */ = {isa = PBXBuildFile; fileRef = 62528E131A0DF16800EF4CB4 /* FacebookSDK.framework */; };
		62528E171A0DF33E00EF4CB4 /* AppCommunication.m in Sources */ = {isa = PBXBuildFile; fileRef = 62528E161A0DF33E00EF4CB4 /* AppCommunication.m */; };
		62528E1A1A0E196200EF4CB4 /* SellerSettingsViewController.m in Sources */ = {isa = PBXBuildFile; fileRef = 62528E191A0E196200EF4CB4 /* SellerSettingsViewController.m */; };
		62528E1D1A0E1E1600EF4CB4 /* SellerItemsTableViewController.m in Sources */ = {isa = PBXBuildFile; fileRef = 62528E1C1A0E1E1600EF4CB4 /* SellerItemsTableViewController.m */; };
		62528E231A0E485600EF4CB4 /* BuyerItemsTableViewController.m in Sources */ = {isa = PBXBuildFile; fileRef = 62528E221A0E485600EF4CB4 /* BuyerItemsTableViewController.m */; };
		62528E261A0E49FC00EF4CB4 /* BuyerFollowerTableViewController.m in Sources */ = {isa = PBXBuildFile; fileRef = 62528E251A0E49FC00EF4CB4 /* BuyerFollowerTableViewController.m */; };
		62528E291A0E4A3600EF4CB4 /* BuyerSettingViewController.m in Sources */ = {isa = PBXBuildFile; fileRef = 62528E281A0E4A3600EF4CB4 /* BuyerSettingViewController.m */; };
		62528E2B1A0E4CFF00EF4CB4 /* CoreLocation.framework in Frameworks */ = {isa = PBXBuildFile; fileRef = 62528E2A1A0E4CFF00EF4CB4 /* CoreLocation.framework */; };
		62633BBD1A0E84E0006D32C2 /* BuyerFindSellerViewController.m in Sources */ = {isa = PBXBuildFile; fileRef = 62633BBC1A0E84E0006D32C2 /* BuyerFindSellerViewController.m */; };
		62633BC01A0EB74F006D32C2 /* BuyerMapViewController.m in Sources */ = {isa = PBXBuildFile; fileRef = 62633BBF1A0EB74F006D32C2 /* BuyerMapViewController.m */; };
		795C924893BB9CA52BACFD24 /* libPods-HackSC2014.a in Frameworks */ = {isa = PBXBuildFile; fileRef = AE6AEEF68BA8B4879ACA293C /* libPods-HackSC2014.a */; };
/* End PBXBuildFile section */

/* Begin PBXContainerItemProxy section */
		62528DFF1A0DB8EA00EF4CB4 /* PBXContainerItemProxy */ = {
			isa = PBXContainerItemProxy;
			containerPortal = 62528DDA1A0DB8E900EF4CB4 /* Project object */;
			proxyType = 1;
			remoteGlobalIDString = 62528DE11A0DB8E900EF4CB4;
			remoteInfo = HackSC2014;
		};
/* End PBXContainerItemProxy section */

/* Begin PBXFileReference section */
		46217EFA0426F393B12149CD /* Pods-HackSC2014.release.xcconfig */ = {isa = PBXFileReference; includeInIndex = 1; lastKnownFileType = text.xcconfig; name = "Pods-HackSC2014.release.xcconfig"; path = "Pods/Target Support Files/Pods-HackSC2014/Pods-HackSC2014.release.xcconfig"; sourceTree = "<group>"; };
		620EDC661A0F37DF00BF3AC5 /* fontawesome-webfont.ttf */ = {isa = PBXFileReference; lastKnownFileType = file; path = "fontawesome-webfont.ttf"; sourceTree = "<group>"; };
		624ABA241A0F0CCE00354E2E /* SellerContactsTableViewController.h */ = {isa = PBXFileReference; fileEncoding = 4; lastKnownFileType = sourcecode.c.h; path = SellerContactsTableViewController.h; sourceTree = "<group>"; };
		624ABA251A0F0CCE00354E2E /* SellerContactsTableViewController.m */ = {isa = PBXFileReference; fileEncoding = 4; lastKnownFileType = sourcecode.c.objc; path = SellerContactsTableViewController.m; sourceTree = "<group>"; };
		62528DE21A0DB8E900EF4CB4 /* HackSC2014.app */ = {isa = PBXFileReference; explicitFileType = wrapper.application; includeInIndex = 0; path = HackSC2014.app; sourceTree = BUILT_PRODUCTS_DIR; };
		62528DE61A0DB8E900EF4CB4 /* Info.plist */ = {isa = PBXFileReference; lastKnownFileType = text.plist.xml; path = Info.plist; sourceTree = "<group>"; };
		62528DE71A0DB8E900EF4CB4 /* main.m */ = {isa = PBXFileReference; lastKnownFileType = sourcecode.c.objc; path = main.m; sourceTree = "<group>"; };
		62528DE91A0DB8E900EF4CB4 /* AppDelegate.h */ = {isa = PBXFileReference; lastKnownFileType = sourcecode.c.h; path = AppDelegate.h; sourceTree = "<group>"; };
		62528DEA1A0DB8E900EF4CB4 /* AppDelegate.m */ = {isa = PBXFileReference; lastKnownFileType = sourcecode.c.objc; path = AppDelegate.m; sourceTree = "<group>"; };
		62528DED1A0DB8E900EF4CB4 /* HackSC2014.xcdatamodel */ = {isa = PBXFileReference; lastKnownFileType = wrapper.xcdatamodel; path = HackSC2014.xcdatamodel; sourceTree = "<group>"; };
		62528DF31A0DB8E900EF4CB4 /* Base */ = {isa = PBXFileReference; lastKnownFileType = file.storyboard; name = Base; path = Base.lproj/Main.storyboard; sourceTree = "<group>"; };
		62528DF51A0DB8E900EF4CB4 /* Images.xcassets */ = {isa = PBXFileReference; lastKnownFileType = folder.assetcatalog; path = Images.xcassets; sourceTree = "<group>"; };
		62528DF81A0DB8E900EF4CB4 /* Base */ = {isa = PBXFileReference; lastKnownFileType = file.xib; name = Base; path = Base.lproj/LaunchScreen.xib; sourceTree = "<group>"; };
		62528DFE1A0DB8EA00EF4CB4 /* HackSC2014Tests.xctest */ = {isa = PBXFileReference; explicitFileType = wrapper.cfbundle; includeInIndex = 0; path = HackSC2014Tests.xctest; sourceTree = BUILT_PRODUCTS_DIR; };
		62528E031A0DB8EA00EF4CB4 /* Info.plist */ = {isa = PBXFileReference; lastKnownFileType = text.plist.xml; path = Info.plist; sourceTree = "<group>"; };
		62528E041A0DB8EA00EF4CB4 /* HackSC2014Tests.m */ = {isa = PBXFileReference; lastKnownFileType = sourcecode.c.objc; path = HackSC2014Tests.m; sourceTree = "<group>"; };
		62528E0E1A0DEFD700EF4CB4 /* LoginViewController.h */ = {isa = PBXFileReference; fileEncoding = 4; lastKnownFileType = sourcecode.c.h; path = LoginViewController.h; sourceTree = "<group>"; };
		62528E0F1A0DEFD700EF4CB4 /* LoginViewController.m */ = {isa = PBXFileReference; fileEncoding = 4; lastKnownFileType = sourcecode.c.objc; path = LoginViewController.m; sourceTree = "<group>"; };
		62528E131A0DF16800EF4CB4 /* FacebookSDK.framework */ = {isa = PBXFileReference; lastKnownFileType = wrapper.framework; path = FacebookSDK.framework; sourceTree = "<group>"; };
		62528E151A0DF33E00EF4CB4 /* AppCommunication.h */ = {isa = PBXFileReference; fileEncoding = 4; lastKnownFileType = sourcecode.c.h; path = AppCommunication.h; sourceTree = "<group>"; };
		62528E161A0DF33E00EF4CB4 /* AppCommunication.m */ = {isa = PBXFileReference; fileEncoding = 4; lastKnownFileType = sourcecode.c.objc; path = AppCommunication.m; sourceTree = "<group>"; };
		62528E181A0E196200EF4CB4 /* SellerSettingsViewController.h */ = {isa = PBXFileReference; fileEncoding = 4; lastKnownFileType = sourcecode.c.h; path = SellerSettingsViewController.h; sourceTree = "<group>"; };
		62528E191A0E196200EF4CB4 /* SellerSettingsViewController.m */ = {isa = PBXFileReference; fileEncoding = 4; lastKnownFileType = sourcecode.c.objc; path = SellerSettingsViewController.m; sourceTree = "<group>"; };
		62528E1B1A0E1E1600EF4CB4 /* SellerItemsTableViewController.h */ = {isa = PBXFileReference; fileEncoding = 4; lastKnownFileType = sourcecode.c.h; path = SellerItemsTableViewController.h; sourceTree = "<group>"; };
		62528E1C1A0E1E1600EF4CB4 /* SellerItemsTableViewController.m */ = {isa = PBXFileReference; fileEncoding = 4; lastKnownFileType = sourcecode.c.objc; path = SellerItemsTableViewController.m; sourceTree = "<group>"; };
		62528E211A0E485600EF4CB4 /* BuyerItemsTableViewController.h */ = {isa = PBXFileReference; fileEncoding = 4; lastKnownFileType = sourcecode.c.h; path = BuyerItemsTableViewController.h; sourceTree = "<group>"; };
		62528E221A0E485600EF4CB4 /* BuyerItemsTableViewController.m */ = {isa = PBXFileReference; fileEncoding = 4; lastKnownFileType = sourcecode.c.objc; path = BuyerItemsTableViewController.m; sourceTree = "<group>"; };
		62528E241A0E49FC00EF4CB4 /* BuyerFollowerTableViewController.h */ = {isa = PBXFileReference; fileEncoding = 4; lastKnownFileType = sourcecode.c.h; path = BuyerFollowerTableViewController.h; sourceTree = "<group>"; };
		62528E251A0E49FC00EF4CB4 /* BuyerFollowerTableViewController.m */ = {isa = PBXFileReference; fileEncoding = 4; lastKnownFileType = sourcecode.c.objc; path = BuyerFollowerTableViewController.m; sourceTree = "<group>"; };
		62528E271A0E4A3600EF4CB4 /* BuyerSettingViewController.h */ = {isa = PBXFileReference; fileEncoding = 4; lastKnownFileType = sourcecode.c.h; path = BuyerSettingViewController.h; sourceTree = "<group>"; };
		62528E281A0E4A3600EF4CB4 /* BuyerSettingViewController.m */ = {isa = PBXFileReference; fileEncoding = 4; lastKnownFileType = sourcecode.c.objc; path = BuyerSettingViewController.m; sourceTree = "<group>"; };
		62528E2A1A0E4CFF00EF4CB4 /* CoreLocation.framework */ = {isa = PBXFileReference; lastKnownFileType = wrapper.framework; name = CoreLocation.framework; path = System/Library/Frameworks/CoreLocation.framework; sourceTree = SDKROOT; };
		62633BBB1A0E84E0006D32C2 /* BuyerFindSellerViewController.h */ = {isa = PBXFileReference; fileEncoding = 4; lastKnownFileType = sourcecode.c.h; path = BuyerFindSellerViewController.h; sourceTree = "<group>"; };
		62633BBC1A0E84E0006D32C2 /* BuyerFindSellerViewController.m */ = {isa = PBXFileReference; fileEncoding = 4; lastKnownFileType = sourcecode.c.objc; path = BuyerFindSellerViewController.m; sourceTree = "<group>"; };
		62633BBE1A0EB74F006D32C2 /* BuyerMapViewController.h */ = {isa = PBXFileReference; fileEncoding = 4; lastKnownFileType = sourcecode.c.h; path = BuyerMapViewController.h; sourceTree = "<group>"; };
		62633BBF1A0EB74F006D32C2 /* BuyerMapViewController.m */ = {isa = PBXFileReference; fileEncoding = 4; lastKnownFileType = sourcecode.c.objc; path = BuyerMapViewController.m; sourceTree = "<group>"; };
		75356A73D3A71E489D2B5286 /* Pods-HackSC2014.debug.xcconfig */ = {isa = PBXFileReference; includeInIndex = 1; lastKnownFileType = text.xcconfig; name = "Pods-HackSC2014.debug.xcconfig"; path = "Pods/Target Support Files/Pods-HackSC2014/Pods-HackSC2014.debug.xcconfig"; sourceTree = "<group>"; };
		AE6AEEF68BA8B4879ACA293C /* libPods-HackSC2014.a */ = {isa = PBXFileReference; explicitFileType = archive.ar; includeInIndex = 0; path = "libPods-HackSC2014.a"; sourceTree = BUILT_PRODUCTS_DIR; };
/* End PBXFileReference section */

/* Begin PBXFrameworksBuildPhase section */
		62528DDF1A0DB8E900EF4CB4 /* Frameworks */ = {
			isa = PBXFrameworksBuildPhase;
			buildActionMask = 2147483647;
			files = (
				62528E2B1A0E4CFF00EF4CB4 /* CoreLocation.framework in Frameworks */,
				62528E141A0DF16800EF4CB4 /* FacebookSDK.framework in Frameworks */,
				795C924893BB9CA52BACFD24 /* libPods-HackSC2014.a in Frameworks */,
			);
			runOnlyForDeploymentPostprocessing = 0;
		};
		62528DFB1A0DB8EA00EF4CB4 /* Frameworks */ = {
			isa = PBXFrameworksBuildPhase;
			buildActionMask = 2147483647;
			files = (
			);
			runOnlyForDeploymentPostprocessing = 0;
		};
/* End PBXFrameworksBuildPhase section */

/* Begin PBXGroup section */
		4B9FE8646EEA63B83AC83C8B /* Frameworks */ = {
			isa = PBXGroup;
			children = (
				62528E2A1A0E4CFF00EF4CB4 /* CoreLocation.framework */,
				AE6AEEF68BA8B4879ACA293C /* libPods-HackSC2014.a */,
			);
			name = Frameworks;
			sourceTree = "<group>";
		};
		62528DD91A0DB8E900EF4CB4 = {
			isa = PBXGroup;
			children = (
				620EDC661A0F37DF00BF3AC5 /* fontawesome-webfont.ttf */,
				62528E131A0DF16800EF4CB4 /* FacebookSDK.framework */,
				62528DE41A0DB8E900EF4CB4 /* HackSC2014 */,
				62528E011A0DB8EA00EF4CB4 /* HackSC2014Tests */,
				62528DE31A0DB8E900EF4CB4 /* Products */,
				8CADE375834ABD5F4C705F4B /* Pods */,
				4B9FE8646EEA63B83AC83C8B /* Frameworks */,
			);
			sourceTree = "<group>";
		};
		62528DE31A0DB8E900EF4CB4 /* Products */ = {
			isa = PBXGroup;
			children = (
				62528DE21A0DB8E900EF4CB4 /* HackSC2014.app */,
				62528DFE1A0DB8EA00EF4CB4 /* HackSC2014Tests.xctest */,
			);
			name = Products;
			sourceTree = "<group>";
		};
		62528DE41A0DB8E900EF4CB4 /* HackSC2014 */ = {
			isa = PBXGroup;
			children = (
				62528DF21A0DB8E900EF4CB4 /* Main.storyboard */,
				62528E181A0E196200EF4CB4 /* SellerSettingsViewController.h */,
				62528E191A0E196200EF4CB4 /* SellerSettingsViewController.m */,
				62528E1B1A0E1E1600EF4CB4 /* SellerItemsTableViewController.h */,
				62528E1C1A0E1E1600EF4CB4 /* SellerItemsTableViewController.m */,
				624ABA241A0F0CCE00354E2E /* SellerContactsTableViewController.h */,
				624ABA251A0F0CCE00354E2E /* SellerContactsTableViewController.m */,
				62528E241A0E49FC00EF4CB4 /* BuyerFollowerTableViewController.h */,
				62528E251A0E49FC00EF4CB4 /* BuyerFollowerTableViewController.m */,
				62633BBB1A0E84E0006D32C2 /* BuyerFindSellerViewController.h */,
				62633BBC1A0E84E0006D32C2 /* BuyerFindSellerViewController.m */,
				62528E211A0E485600EF4CB4 /* BuyerItemsTableViewController.h */,
				62528E221A0E485600EF4CB4 /* BuyerItemsTableViewController.m */,
				62528E271A0E4A3600EF4CB4 /* BuyerSettingViewController.h */,
				62528E281A0E4A3600EF4CB4 /* BuyerSettingViewController.m */,
				62633BBE1A0EB74F006D32C2 /* BuyerMapViewController.h */,
				62633BBF1A0EB74F006D32C2 /* BuyerMapViewController.m */,
				62528E0E1A0DEFD700EF4CB4 /* LoginViewController.h */,
				62528E0F1A0DEFD700EF4CB4 /* LoginViewController.m */,
				62528DE91A0DB8E900EF4CB4 /* AppDelegate.h */,
				62528DEA1A0DB8E900EF4CB4 /* AppDelegate.m */,
				62528E151A0DF33E00EF4CB4 /* AppCommunication.h */,
				62528E161A0DF33E00EF4CB4 /* AppCommunication.m */,
				62528DF51A0DB8E900EF4CB4 /* Images.xcassets */,
				62528DF71A0DB8E900EF4CB4 /* LaunchScreen.xib */,
				62528DEC1A0DB8E900EF4CB4 /* HackSC2014.xcdatamodeld */,
				62528DE51A0DB8E900EF4CB4 /* Supporting Files */,
			);
			path = HackSC2014;
			sourceTree = "<group>";
		};
		62528DE51A0DB8E900EF4CB4 /* Supporting Files */ = {
			isa = PBXGroup;
			children = (
				62528DE61A0DB8E900EF4CB4 /* Info.plist */,
				62528DE71A0DB8E900EF4CB4 /* main.m */,
			);
			name = "Supporting Files";
			sourceTree = "<group>";
		};
		62528E011A0DB8EA00EF4CB4 /* HackSC2014Tests */ = {
			isa = PBXGroup;
			children = (
				62528E041A0DB8EA00EF4CB4 /* HackSC2014Tests.m */,
				62528E021A0DB8EA00EF4CB4 /* Supporting Files */,
			);
			path = HackSC2014Tests;
			sourceTree = "<group>";
		};
		62528E021A0DB8EA00EF4CB4 /* Supporting Files */ = {
			isa = PBXGroup;
			children = (
				62528E031A0DB8EA00EF4CB4 /* Info.plist */,
			);
			name = "Supporting Files";
			sourceTree = "<group>";
		};
		8CADE375834ABD5F4C705F4B /* Pods */ = {
			isa = PBXGroup;
			children = (
				75356A73D3A71E489D2B5286 /* Pods-HackSC2014.debug.xcconfig */,
				46217EFA0426F393B12149CD /* Pods-HackSC2014.release.xcconfig */,
			);
			name = Pods;
			sourceTree = "<group>";
		};
/* End PBXGroup section */

/* Begin PBXNativeTarget section */
		62528DE11A0DB8E900EF4CB4 /* HackSC2014 */ = {
			isa = PBXNativeTarget;
			buildConfigurationList = 62528E081A0DB8EA00EF4CB4 /* Build configuration list for PBXNativeTarget "HackSC2014" */;
			buildPhases = (
				98B1CB4B7572B5013D426E0A /* Check Pods Manifest.lock */,
				62528DDE1A0DB8E900EF4CB4 /* Sources */,
				62528DDF1A0DB8E900EF4CB4 /* Frameworks */,
				62528DE01A0DB8E900EF4CB4 /* Resources */,
				2FF700E42A3278FE4B2D8987 /* Copy Pods Resources */,
			);
			buildRules = (
			);
			dependencies = (
			);
			name = HackSC2014;
			productName = HackSC2014;
			productReference = 62528DE21A0DB8E900EF4CB4 /* HackSC2014.app */;
			productType = "com.apple.product-type.application";
		};
		62528DFD1A0DB8EA00EF4CB4 /* HackSC2014Tests */ = {
			isa = PBXNativeTarget;
			buildConfigurationList = 62528E0B1A0DB8EA00EF4CB4 /* Build configuration list for PBXNativeTarget "HackSC2014Tests" */;
			buildPhases = (
				62528DFA1A0DB8EA00EF4CB4 /* Sources */,
				62528DFB1A0DB8EA00EF4CB4 /* Frameworks */,
				62528DFC1A0DB8EA00EF4CB4 /* Resources */,
			);
			buildRules = (
			);
			dependencies = (
				62528E001A0DB8EA00EF4CB4 /* PBXTargetDependency */,
			);
			name = HackSC2014Tests;
			productName = HackSC2014Tests;
			productReference = 62528DFE1A0DB8EA00EF4CB4 /* HackSC2014Tests.xctest */;
			productType = "com.apple.product-type.bundle.unit-test";
		};
/* End PBXNativeTarget section */

/* Begin PBXProject section */
		62528DDA1A0DB8E900EF4CB4 /* Project object */ = {
			isa = PBXProject;
			attributes = {
				LastUpgradeCheck = 0610;
				ORGANIZATIONNAME = sloot;
				TargetAttributes = {
					62528DE11A0DB8E900EF4CB4 = {
						CreatedOnToolsVersion = 6.1;
						DevelopmentTeam = 8V8HUCA3M9;
					};
					62528DFD1A0DB8EA00EF4CB4 = {
						CreatedOnToolsVersion = 6.1;
						TestTargetID = 62528DE11A0DB8E900EF4CB4;
					};
				};
			};
			buildConfigurationList = 62528DDD1A0DB8E900EF4CB4 /* Build configuration list for PBXProject "HackSC2014" */;
			compatibilityVersion = "Xcode 3.2";
			developmentRegion = English;
			hasScannedForEncodings = 0;
			knownRegions = (
				en,
				Base,
			);
			mainGroup = 62528DD91A0DB8E900EF4CB4;
			productRefGroup = 62528DE31A0DB8E900EF4CB4 /* Products */;
			projectDirPath = "";
			projectRoot = "";
			targets = (
				62528DE11A0DB8E900EF4CB4 /* HackSC2014 */,
				62528DFD1A0DB8EA00EF4CB4 /* HackSC2014Tests */,
			);
		};
/* End PBXProject section */

/* Begin PBXResourcesBuildPhase section */
		62528DE01A0DB8E900EF4CB4 /* Resources */ = {
			isa = PBXResourcesBuildPhase;
			buildActionMask = 2147483647;
			files = (
				620EDC671A0F37DF00BF3AC5 /* fontawesome-webfont.ttf in Resources */,
				62528DF41A0DB8E900EF4CB4 /* Main.storyboard in Resources */,
				62528DF91A0DB8E900EF4CB4 /* LaunchScreen.xib in Resources */,
				62528DF61A0DB8E900EF4CB4 /* Images.xcassets in Resources */,
			);
			runOnlyForDeploymentPostprocessing = 0;
		};
		62528DFC1A0DB8EA00EF4CB4 /* Resources */ = {
			isa = PBXResourcesBuildPhase;
			buildActionMask = 2147483647;
			files = (
			);
			runOnlyForDeploymentPostprocessing = 0;
		};
/* End PBXResourcesBuildPhase section */

/* Begin PBXShellScriptBuildPhase section */
		2FF700E42A3278FE4B2D8987 /* Copy Pods Resources */ = {
			isa = PBXShellScriptBuildPhase;
			buildActionMask = 2147483647;
			files = (
			);
			inputPaths = (
			);
			name = "Copy Pods Resources";
			outputPaths = (
			);
			runOnlyForDeploymentPostprocessing = 0;
			shellPath = /bin/sh;
			shellScript = "\"${SRCROOT}/Pods/Target Support Files/Pods-HackSC2014/Pods-HackSC2014-resources.sh\"\n";
			showEnvVarsInLog = 0;
		};
		98B1CB4B7572B5013D426E0A /* Check Pods Manifest.lock */ = {
			isa = PBXShellScriptBuildPhase;
			buildActionMask = 2147483647;
			files = (
			);
			inputPaths = (
			);
			name = "Check Pods Manifest.lock";
			outputPaths = (
			);
			runOnlyForDeploymentPostprocessing = 0;
			shellPath = /bin/sh;
			shellScript = "diff \"${PODS_ROOT}/../Podfile.lock\" \"${PODS_ROOT}/Manifest.lock\" > /dev/null\nif [[ $? != 0 ]] ; then\n    cat << EOM\nerror: The sandbox is not in sync with the Podfile.lock. Run 'pod install' or update your CocoaPods installation.\nEOM\n    exit 1\nfi\n";
			showEnvVarsInLog = 0;
		};
/* End PBXShellScriptBuildPhase section */

/* Begin PBXSourcesBuildPhase section */
		62528DDE1A0DB8E900EF4CB4 /* Sources */ = {
			isa = PBXSourcesBuildPhase;
			buildActionMask = 2147483647;
			files = (
				62528E171A0DF33E00EF4CB4 /* AppCommunication.m in Sources */,
				62528E261A0E49FC00EF4CB4 /* BuyerFollowerTableViewController.m in Sources */,
				62528E231A0E485600EF4CB4 /* BuyerItemsTableViewController.m in Sources */,
				62633BC01A0EB74F006D32C2 /* BuyerMapViewController.m in Sources */,
				62528E101A0DEFD700EF4CB4 /* LoginViewController.m in Sources */,
				624ABA261A0F0CCE00354E2E /* SellerContactsTableViewController.m in Sources */,
				62633BBD1A0E84E0006D32C2 /* BuyerFindSellerViewController.m in Sources */,
				62528E291A0E4A3600EF4CB4 /* BuyerSettingViewController.m in Sources */,
				62528DEE1A0DB8E900EF4CB4 /* HackSC2014.xcdatamodeld in Sources */,
				62528DEB1A0DB8E900EF4CB4 /* AppDelegate.m in Sources */,
				62528E1D1A0E1E1600EF4CB4 /* SellerItemsTableViewController.m in Sources */,
				62528E1A1A0E196200EF4CB4 /* SellerSettingsViewController.m in Sources */,
				62528DE81A0DB8E900EF4CB4 /* main.m in Sources */,
			);
			runOnlyForDeploymentPostprocessing = 0;
		};
		62528DFA1A0DB8EA00EF4CB4 /* Sources */ = {
			isa = PBXSourcesBuildPhase;
			buildActionMask = 2147483647;
			files = (
				62528E051A0DB8EA00EF4CB4 /* HackSC2014Tests.m in Sources */,
			);
			runOnlyForDeploymentPostprocessing = 0;
		};
/* End PBXSourcesBuildPhase section */

/* Begin PBXTargetDependency section */
		62528E001A0DB8EA00EF4CB4 /* PBXTargetDependency */ = {
			isa = PBXTargetDependency;
			target = 62528DE11A0DB8E900EF4CB4 /* HackSC2014 */;
			targetProxy = 62528DFF1A0DB8EA00EF4CB4 /* PBXContainerItemProxy */;
		};
/* End PBXTargetDependency section */

/* Begin PBXVariantGroup section */
		62528DF21A0DB8E900EF4CB4 /* Main.storyboard */ = {
			isa = PBXVariantGroup;
			children = (
				62528DF31A0DB8E900EF4CB4 /* Base */,
			);
			name = Main.storyboard;
			sourceTree = "<group>";
		};
		62528DF71A0DB8E900EF4CB4 /* LaunchScreen.xib */ = {
			isa = PBXVariantGroup;
			children = (
				62528DF81A0DB8E900EF4CB4 /* Base */,
			);
			name = LaunchScreen.xib;
			sourceTree = "<group>";
		};
/* End PBXVariantGroup section */

/* Begin XCBuildConfiguration section */
		62528E061A0DB8EA00EF4CB4 /* Debug */ = {
			isa = XCBuildConfiguration;
			buildSettings = {
				ALWAYS_SEARCH_USER_PATHS = NO;
				CLANG_CXX_LANGUAGE_STANDARD = "gnu++0x";
				CLANG_CXX_LIBRARY = "libc++";
				CLANG_ENABLE_MODULES = YES;
				CLANG_ENABLE_OBJC_ARC = YES;
				CLANG_WARN_BOOL_CONVERSION = YES;
				CLANG_WARN_CONSTANT_CONVERSION = YES;
				CLANG_WARN_DIRECT_OBJC_ISA_USAGE = YES_ERROR;
				CLANG_WARN_EMPTY_BODY = YES;
				CLANG_WARN_ENUM_CONVERSION = YES;
				CLANG_WARN_INT_CONVERSION = YES;
				CLANG_WARN_OBJC_ROOT_CLASS = YES_ERROR;
				CLANG_WARN_UNREACHABLE_CODE = YES;
				CLANG_WARN__DUPLICATE_METHOD_MATCH = YES;
				"CODE_SIGN_IDENTITY[sdk=iphoneos*]" = "iPhone Developer";
				COPY_PHASE_STRIP = NO;
				ENABLE_STRICT_OBJC_MSGSEND = YES;
				GCC_C_LANGUAGE_STANDARD = gnu99;
				GCC_DYNAMIC_NO_PIC = NO;
				GCC_OPTIMIZATION_LEVEL = 0;
				GCC_PREPROCESSOR_DEFINITIONS = (
					"DEBUG=1",
					"$(inherited)",
				);
				GCC_SYMBOLS_PRIVATE_EXTERN = NO;
				GCC_WARN_64_TO_32_BIT_CONVERSION = YES;
				GCC_WARN_ABOUT_RETURN_TYPE = YES_ERROR;
				GCC_WARN_UNDECLARED_SELECTOR = YES;
				GCC_WARN_UNINITIALIZED_AUTOS = YES_AGGRESSIVE;
				GCC_WARN_UNUSED_FUNCTION = YES;
				GCC_WARN_UNUSED_VARIABLE = YES;
				IPHONEOS_DEPLOYMENT_TARGET = 8.1;
				MTL_ENABLE_DEBUG_INFO = YES;
				ONLY_ACTIVE_ARCH = YES;
				SDKROOT = iphoneos;
			};
			name = Debug;
		};
		62528E071A0DB8EA00EF4CB4 /* Release */ = {
			isa = XCBuildConfiguration;
			buildSettings = {
				ALWAYS_SEARCH_USER_PATHS = NO;
				CLANG_CXX_LANGUAGE_STANDARD = "gnu++0x";
				CLANG_CXX_LIBRARY = "libc++";
				CLANG_ENABLE_MODULES = YES;
				CLANG_ENABLE_OBJC_ARC = YES;
				CLANG_WARN_BOOL_CONVERSION = YES;
				CLANG_WARN_CONSTANT_CONVERSION = YES;
				CLANG_WARN_DIRECT_OBJC_ISA_USAGE = YES_ERROR;
				CLANG_WARN_EMPTY_BODY = YES;
				CLANG_WARN_ENUM_CONVERSION = YES;
				CLANG_WARN_INT_CONVERSION = YES;
				CLANG_WARN_OBJC_ROOT_CLASS = YES_ERROR;
				CLANG_WARN_UNREACHABLE_CODE = YES;
				CLANG_WARN__DUPLICATE_METHOD_MATCH = YES;
				"CODE_SIGN_IDENTITY[sdk=iphoneos*]" = "iPhone Developer";
				COPY_PHASE_STRIP = YES;
				ENABLE_NS_ASSERTIONS = NO;
				ENABLE_STRICT_OBJC_MSGSEND = YES;
				GCC_C_LANGUAGE_STANDARD = gnu99;
				GCC_WARN_64_TO_32_BIT_CONVERSION = YES;
				GCC_WARN_ABOUT_RETURN_TYPE = YES_ERROR;
				GCC_WARN_UNDECLARED_SELECTOR = YES;
				GCC_WARN_UNINITIALIZED_AUTOS = YES_AGGRESSIVE;
				GCC_WARN_UNUSED_FUNCTION = YES;
				GCC_WARN_UNUSED_VARIABLE = YES;
				IPHONEOS_DEPLOYMENT_TARGET = 8.1;
				MTL_ENABLE_DEBUG_INFO = NO;
				SDKROOT = iphoneos;
				VALIDATE_PRODUCT = YES;
			};
			name = Release;
		};
		62528E091A0DB8EA00EF4CB4 /* Debug */ = {
			isa = XCBuildConfiguration;
			baseConfigurationReference = 75356A73D3A71E489D2B5286 /* Pods-HackSC2014.debug.xcconfig */;
			buildSettings = {
				ASSETCATALOG_COMPILER_APPICON_NAME = AppIcon;
				CODE_SIGN_IDENTITY = "iPhone Developer";
				"CODE_SIGN_IDENTITY[sdk=iphoneos*]" = "iPhone Developer";
				FRAMEWORK_SEARCH_PATHS = (
					"$(inherited)",
					"$(PROJECT_DIR)",
				);
				INFOPLIST_FILE = HackSC2014/Info.plist;
				LD_RUNPATH_SEARCH_PATHS = "$(inherited) @executable_path/Frameworks";
				OTHER_LDFLAGS = (
					"-ObjC",
					"-l\"Pods-HackSC2014-MBProgressHUD\"",
					"-l\"Pods-HackSC2014-SinchRTC\"",
					"-l\"stdc++.6.0.9\"",
					"-framework",
					"\"AVFoundation\"",
					"-framework",
					"\"AudioToolbox\"",
					"-framework",
					"\"CoreGraphics\"",
					"-framework",
					"\"Security\"",
					"-framework",
					"\"Sinch\"",
					"$(inherited)",
				);
				PRODUCT_NAME = "$(TARGET_NAME)";
				PROVISIONING_PROFILE = "";
			};
			name = Debug;
		};
		62528E0A1A0DB8EA00EF4CB4 /* Release */ = {
			isa = XCBuildConfiguration;
			baseConfigurationReference = 46217EFA0426F393B12149CD /* Pods-HackSC2014.release.xcconfig */;
			buildSettings = {
				ASSETCATALOG_COMPILER_APPICON_NAME = AppIcon;
				CODE_SIGN_IDENTITY = "iPhone Developer";
				"CODE_SIGN_IDENTITY[sdk=iphoneos*]" = "iPhone Developer";
				FRAMEWORK_SEARCH_PATHS = (
					"$(inherited)",
					"$(PROJECT_DIR)",
				);
				INFOPLIST_FILE = HackSC2014/Info.plist;
				LD_RUNPATH_SEARCH_PATHS = "$(inherited) @executable_path/Frameworks";
				OTHER_LDFLAGS = (
					"-ObjC",
					"-l\"Pods-HackSC2014-MBProgressHUD\"",
					"-l\"Pods-HackSC2014-SinchRTC\"",
					"-l\"stdc++.6.0.9\"",
					"-framework",
					"\"AVFoundation\"",
					"-framework",
					"\"AudioToolbox\"",
					"-framework",
					"\"CoreGraphics\"",
					"-framework",
					"\"Security\"",
					"-framework",
					"\"Sinch\"",
					"$(inherited)",
				);
				PRODUCT_NAME = "$(TARGET_NAME)";
				PROVISIONING_PROFILE = "";
			};
			name = Release;
		};
		62528E0C1A0DB8EA00EF4CB4 /* Debug */ = {
			isa = XCBuildConfiguration;
			buildSettings = {
				BUNDLE_LOADER = "$(TEST_HOST)";
				FRAMEWORK_SEARCH_PATHS = (
					"$(SDKROOT)/Developer/Library/Frameworks",
					"$(inherited)",
				);
				GCC_PREPROCESSOR_DEFINITIONS = (
					"DEBUG=1",
					"$(inherited)",
				);
				INFOPLIST_FILE = HackSC2014Tests/Info.plist;
				LD_RUNPATH_SEARCH_PATHS = "$(inherited) @executable_path/Frameworks @loader_path/Frameworks";
				PRODUCT_NAME = "$(TARGET_NAME)";
				TEST_HOST = "$(BUILT_PRODUCTS_DIR)/HackSC2014.app/HackSC2014";
			};
			name = Debug;
		};
		62528E0D1A0DB8EA00EF4CB4 /* Release */ = {
			isa = XCBuildConfiguration;
			buildSettings = {
				BUNDLE_LOADER = "$(TEST_HOST)";
				FRAMEWORK_SEARCH_PATHS = (
					"$(SDKROOT)/Developer/Library/Frameworks",
					"$(inherited)",
				);
				INFOPLIST_FILE = HackSC2014Tests/Info.plist;
				LD_RUNPATH_SEARCH_PATHS = "$(inherited) @executable_path/Frameworks @loader_path/Frameworks";
				PRODUCT_NAME = "$(TARGET_NAME)";
				TEST_HOST = "$(BUILT_PRODUCTS_DIR)/HackSC2014.app/HackSC2014";
			};
			name = Release;
		};
/* End XCBuildConfiguration section */

/* Begin XCConfigurationList section */
		62528DDD1A0DB8E900EF4CB4 /* Build configuration list for PBXProject "HackSC2014" */ = {
			isa = XCConfigurationList;
			buildConfigurations = (
				62528E061A0DB8EA00EF4CB4 /* Debug */,
				62528E071A0DB8EA00EF4CB4 /* Release */,
			);
			defaultConfigurationIsVisible = 0;
			defaultConfigurationName = Release;
		};
		62528E081A0DB8EA00EF4CB4 /* Build configuration list for PBXNativeTarget "HackSC2014" */ = {
			isa = XCConfigurationList;
			buildConfigurations = (
				62528E091A0DB8EA00EF4CB4 /* Debug */,
				62528E0A1A0DB8EA00EF4CB4 /* Release */,
			);
			defaultConfigurationIsVisible = 0;
			defaultConfigurationName = Release;
		};
		62528E0B1A0DB8EA00EF4CB4 /* Build configuration list for PBXNativeTarget "HackSC2014Tests" */ = {
			isa = XCConfigurationList;
			buildConfigurations = (
				62528E0C1A0DB8EA00EF4CB4 /* Debug */,
				62528E0D1A0DB8EA00EF4CB4 /* Release */,
			);
			defaultConfigurationIsVisible = 0;
			defaultConfigurationName = Release;
		};
/* End XCConfigurationList section */

/* Begin XCVersionGroup section */
		62528DEC1A0DB8E900EF4CB4 /* HackSC2014.xcdatamodeld */ = {
			isa = XCVersionGroup;
			children = (
				62528DED1A0DB8E900EF4CB4 /* HackSC2014.xcdatamodel */,
			);
			currentVersion = 62528DED1A0DB8E900EF4CB4 /* HackSC2014.xcdatamodel */;
			path = HackSC2014.xcdatamodeld;
			sourceTree = "<group>";
			versionGroupType = wrapper.xcdatamodel;
		};
/* End XCVersionGroup section */
	};
	rootObject = 62528DDA1A0DB8E900EF4CB4 /* Project object */;
}
